
Microsoft Visual Studio Solution File, Format Version 12.00
# Visual Studio Version 16
VisualStudioVersion = 16.0.29306.81
MinimumVisualStudioVersion = 10.0.40219.1
Project("{FAE04EC0-301F-11D3-BF4B-00C04F79EFBC}") = "photoEditor1", "photoEditor1\photoEditor1.csproj", "{04E24453-4021-4B8A-8385-1930B8469E18}"
EndProject
Global
	GlobalSection(SolutionConfigurationPlatforms) = preSolution
		Debug|Any CPU = Debug|Any CPU
		Release|Any CPU = Release|Any CPU
	EndGlobalSection
	GlobalSection(ProjectConfigurationPlatforms) = postSolution
		{04E24453-4021-4B8A-8385-1930B8469E18}.Debug|Any CPU.ActiveCfg = Debug|Any CPU
		{04E24453-4021-4B8A-8385-1930B8469E18}.Debug|Any CPU.Build.0 = Debug|Any CPU
		{04E24453-4021-4B8A-8385-1930B8469E18}.Release|Any CPU.ActiveCfg = Release|Any CPU
		{04E24453-4021-4B8A-8385-1930B8469E18}.Release|Any CPU.Build.0 = Release|Any CPU
	EndGlobalSection
	GlobalSection(SolutionProperties) = preSolution
		HideSolutionNode = FALSE
	EndGlobalSection
	GlobalSection(ExtensibilityGlobals) = postSolution
		SolutionGuid = {998BED87-1053-40D4-9E86-18A1A63C9DCC}
	EndGlobalSection
EndGlobal
